
Microsoft Visual Studio Solution File, Format Version 12.00
# Visual Studio Version 17
VisualStudioVersion = 17.14.37012.4 d17.14
MinimumVisualStudioVersion = 10.0.40219.1
Project("{FAE04EC0-301F-11D3-BF4B-00C04F79EFBC}") = "WpfApp2", "WpfApp2.csproj", "{1C714AC7-11A3-40B0-A909-9FA1F2BD403F}"
EndProject
Global
	GlobalSection(SolutionConfigurationPlatforms) = preSolution
		Debug|Any CPU = Debug|Any CPU
		Release|Any CPU = Release|Any CPU
	EndGlobalSection
	GlobalSection(ProjectConfigurationPlatforms) = postSolution
		{1C714AC7-11A3-40B0-A909-9FA1F2BD403F}.Debug|Any CPU.ActiveCfg = Debug|Any CPU
		{1C714AC7-11A3-40B0-A909-9FA1F2BD403F}.Debug|Any CPU.Build.0 = Debug|Any CPU
		{1C714AC7-11A3-40B0-A909-9FA1F2BD403F}.Release|Any CPU.ActiveCfg = Release|Any CPU
		{1C714AC7-11A3-40B0-A909-9FA1F2BD403F}.Release|Any CPU.Build.0 = Release|Any CPU
	EndGlobalSection
	GlobalSection(SolutionProperties) = preSolution
		HideSolutionNode = FALSE
	EndGlobalSection
	GlobalSection(ExtensibilityGlobals) = postSolution
		SolutionGuid = {549512F3-49DC-45A2-AAAA-4A0AEA20AF23}
	EndGlobalSection
EndGlobal
